<?xml version="1.0" encoding="utf-8"?>
<Project ToolsVersion="4.0" xmlns="http://schemas.microsoft.com/developer/msbuild/2003">
  <ItemGroup>
    <Filter Include="Source Files">
      <UniqueIdentifier>{4FC737F1-C7A5-4376-A066-2A32D752A2FF}</UniqueIdentifier>
      <Extensions>cpp;c;cc;cxx;def;odl;idl;hpj;bat;asm;asmx</Extensions>
    </Filter>
    <Filter Include="Header Files">
      <UniqueIdentifier>{93995380-89BD-4b04-88EB-625FBE52EBFB}</UniqueIdentifier>
      <Extensions>h;hpp;hxx;hm;inl;inc;xsd</Extensions>
    </Filter>
    <Filter Include="Resource Files">
      <UniqueIdentifier>{67DA6AB6-F800-4c08-8B7A-83BB121AAD01}</UniqueIdentifier>
      <Extensions>rc;ico;cur;bmp;dlg;rc2;rct;bin;rgs;gif;jpg;jpeg;jpe;resx;tiff;tif;png;wav;mfcribbon-ms</Extensions>
    </Filter>
  </ItemGroup>
  <ItemGroup>
    <ClCompile Include="Main.cpp">
      <Filter>Source Files</Filter>
    </ClCompile>
    <ClCompile Include="Maze.cpp">
      <Filter>Header Files</Filter>
    </ClCompile>
    <ClCompile Include="MainForm.cpp">
      <Filter>Header Files</Filter>
    </ClCompile>
    <ClCompile Include="Maze_Structure.cpp">
      <Filter>Source Files</Filter>
    </ClCompile>
    <ClCompile Include="MScholership.cpp">
      <Filter>Header Files</Filter>
    </ClCompile>
    <ClCompile Include="MScholer_FirstInfo.cpp">
      <Filter>Header Files</Filter>
    </ClCompile>
    <ClCompile Include="MScholer_Finle.cpp">
      <Filter>Header Files</Filter>
    </ClCompile>
    <ClCompile Include="Rec_Drawing.cpp">
      <Filter>Header Files</Filter>
    </ClCompile>
    <ClCompile Include="Mscholer_Student_Structs.cpp">
      <Filter>Source Files</Filter>
    </ClCompile>
    <ClCompile Include="DesiresList.cpp">
      <Filter>Source Files</Filter>
    </ClCompile>
  </ItemGroup>
  <ItemGroup>
    <ClInclude Include="Maze.h">
      <Filter>Header Files</Filter>
    </ClInclude>
    <ClInclude Include="MainForm.h">
      <Filter>Header Files</Filter>
    </ClInclude>
    <ClInclude Include="Maze_Structure.h">
      <Filter>Header Files</Filter>
    </ClInclude>
    <ClInclude Include="MScholership.h">
      <Filter>Header Files</Filter>
    </ClInclude>
    <ClInclude Include="MScholer_FirstInfo.h">
      <Filter>Header Files</Filter>
    </ClInclude>
    <ClInclude Include="MScholer_Finle.h">
      <Filter>Header Files</Filter>
    </ClInclude>
    <ClInclude Include="Rec_Drawing.h">
      <Filter>Header Files</Filter>
    </ClInclude>
    <ClInclude Include="Mscholer_Student_Structs.h">
      <Filter>Header Files</Filter>
    </ClInclude>
  </ItemGroup>
  <ItemGroup>
    <EmbeddedResource Include="MainForm.resx">
      <Filter>Resource Files</Filter>
    </EmbeddedResource>
    <EmbeddedResource Include="Maze.resx">
      <Filter>Resource Files</Filter>
    </EmbeddedResource>
    <EmbeddedResource Include="MScholership.resx">
      <Filter>Resource Files</Filter>
    </EmbeddedResource>
    <EmbeddedResource Include="MScholer_Finle.resx">
      <Filter>Resource Files</Filter>
    </EmbeddedResource>
    <EmbeddedResource Include="MScholer_FirstInfo.resx">
      <Filter>Resource Files</Filter>
    </EmbeddedResource>
    <EmbeddedResource Include="Rec_Drawing.resx">
      <Filter>Resource Files</Filter>
    </EmbeddedResource>
  </ItemGroup>
</Project>